
Microsoft Visual Studio Solution File, Format Version 12.00
# Visual Studio Version 17
VisualStudioVersion = 17.2.32616.157
MinimumVisualStudioVersion = 10.0.40219.1
Project("{2150E333-8FDC-42A3-9474-1A3956D46DE8}") = "FrontEnd", "FrontEnd", "{104805FF-8D82-442C-B9F7-8B8E4AC85AD8}"
EndProject
Project("{2150E333-8FDC-42A3-9474-1A3956D46DE8}") = "Services", "Services", "{1435E8C8-727E-471E-BF59-CEF2FA080DD9}"
EndProject
Project("{FAE04EC0-301F-11D3-BF4B-00C04F79EFBC}") = "GeekShopping.Web", "GeekShopping.Web\GeekShopping.Web.csproj", "{ABCCFE2D-2348-4FB6-856E-5525D415A065}"
EndProject
Project("{FAE04EC0-301F-11D3-BF4B-00C04F79EFBC}") = "GeekShopping.ProductAPI", "GeekShopping.ProductAPI\GeekShopping.ProductAPI.csproj", "{4706574D-308A-4066-8206-19AE852E15CA}"
EndProject
Global
	GlobalSection(SolutionConfigurationPlatforms) = preSolution
		Debug|Any CPU = Debug|Any CPU
		Release|Any CPU = Release|Any CPU
	EndGlobalSection
	GlobalSection(ProjectConfigurationPlatforms) = postSolution
		{ABCCFE2D-2348-4FB6-856E-5525D415A065}.Debug|Any CPU.ActiveCfg = Debug|Any CPU
		{ABCCFE2D-2348-4FB6-856E-5525D415A065}.Debug|Any CPU.Build.0 = Debug|Any CPU
		{ABCCFE2D-2348-4FB6-856E-5525D415A065}.Release|Any CPU.ActiveCfg = Release|Any CPU
		{ABCCFE2D-2348-4FB6-856E-5525D415A065}.Release|Any CPU.Build.0 = Release|Any CPU
		{4706574D-308A-4066-8206-19AE852E15CA}.Debug|Any CPU.ActiveCfg = Debug|Any CPU
		{4706574D-308A-4066-8206-19AE852E15CA}.Debug|Any CPU.Build.0 = Debug|Any CPU
		{4706574D-308A-4066-8206-19AE852E15CA}.Release|Any CPU.ActiveCfg = Release|Any CPU
		{4706574D-308A-4066-8206-19AE852E15CA}.Release|Any CPU.Build.0 = Release|Any CPU
	EndGlobalSection
	GlobalSection(SolutionProperties) = preSolution
		HideSolutionNode = FALSE
	EndGlobalSection
	GlobalSection(NestedProjects) = preSolution
		{ABCCFE2D-2348-4FB6-856E-5525D415A065} = {104805FF-8D82-442C-B9F7-8B8E4AC85AD8}
		{4706574D-308A-4066-8206-19AE852E15CA} = {1435E8C8-727E-471E-BF59-CEF2FA080DD9}
	EndGlobalSection
	GlobalSection(ExtensibilityGlobals) = postSolution
		SolutionGuid = {B0ACACE1-6EB3-494A-B9B8-722582B84129}
	EndGlobalSection
EndGlobal
